
Microsoft Visual Studio Solution File, Format Version 12.00
# Visual Studio Version 17
VisualStudioVersion = 17.9.34622.214
MinimumVisualStudioVersion = 10.0.40219.1
Project("{FAE04EC0-301F-11D3-BF4B-00C04F79EFBC}") = "EBookClient", "EBookClient\EBookClient.csproj", "{A10EF09A-D9D2-4284-B47E-3AEFA0380375}"
EndProject
Project("{FAE04EC0-301F-11D3-BF4B-00C04F79EFBC}") = "EBookServer", "EBookServer\EBookServer.csproj", "{90A78072-6433-4A78-89E4-CE5532877DF0}"
EndProject
Project("{FAE04EC0-301F-11D3-BF4B-00C04F79EFBC}") = "EBookLib01", "EBookLib01\EBookLib01.csproj", "{213BC5F9-4644-4FE4-96C3-556ECDFCE77C}"
EndProject
Global
	GlobalSection(SolutionConfigurationPlatforms) = preSolution
		Debug|Any CPU = Debug|Any CPU
		Release|Any CPU = Release|Any CPU
	EndGlobalSection
	GlobalSection(ProjectConfigurationPlatforms) = postSolution
		{A10EF09A-D9D2-4284-B47E-3AEFA0380375}.Debug|Any CPU.ActiveCfg = Debug|Any CPU
		{A10EF09A-D9D2-4284-B47E-3AEFA0380375}.Debug|Any CPU.Build.0 = Debug|Any CPU
		{A10EF09A-D9D2-4284-B47E-3AEFA0380375}.Release|Any CPU.ActiveCfg = Release|Any CPU
		{A10EF09A-D9D2-4284-B47E-3AEFA0380375}.Release|Any CPU.Build.0 = Release|Any CPU
		{90A78072-6433-4A78-89E4-CE5532877DF0}.Debug|Any CPU.ActiveCfg = Debug|Any CPU
		{90A78072-6433-4A78-89E4-CE5532877DF0}.Debug|Any CPU.Build.0 = Debug|Any CPU
		{90A78072-6433-4A78-89E4-CE5532877DF0}.Release|Any CPU.ActiveCfg = Release|Any CPU
		{90A78072-6433-4A78-89E4-CE5532877DF0}.Release|Any CPU.Build.0 = Release|Any CPU
		{213BC5F9-4644-4FE4-96C3-556ECDFCE77C}.Debug|Any CPU.ActiveCfg = Debug|Any CPU
		{213BC5F9-4644-4FE4-96C3-556ECDFCE77C}.Debug|Any CPU.Build.0 = Debug|Any CPU
		{213BC5F9-4644-4FE4-96C3-556ECDFCE77C}.Release|Any CPU.ActiveCfg = Release|Any CPU
		{213BC5F9-4644-4FE4-96C3-556ECDFCE77C}.Release|Any CPU.Build.0 = Release|Any CPU
	EndGlobalSection
	GlobalSection(SolutionProperties) = preSolution
		HideSolutionNode = FALSE
	EndGlobalSection
	GlobalSection(ExtensibilityGlobals) = postSolution
		SolutionGuid = {4D95ADA2-4E9E-4C53-8A6B-A7E2D8AB21F3}
	EndGlobalSection
EndGlobal
